
Microsoft Visual Studio Solution File, Format Version 11.00
# Visual Studio 2010
Project("{E24C65DC-7377-472B-9ABA-BC803B73C61A}") = "jassi", "F:\clg data\mca\@@@ final project\jassi\", "{B8281CE0-45F8-4434-85DA-F2A8593FBD47}"
	ProjectSection(WebsiteProperties) = preProject
		TargetFrameworkMoniker = ".NETFramework,Version%3Dv4.0"
		Debug.AspNetCompiler.VirtualPath = "/jassi"
		Debug.AspNetCompiler.PhysicalPath = "F:\clg data\mca\@@@ final project\jassi\"
		Debug.AspNetCompiler.TargetPath = "PrecompiledWeb\jassi\"
		Debug.AspNetCompiler.Updateable = "true"
		Debug.AspNetCompiler.ForceOverwrite = "true"
		Debug.AspNetCompiler.FixedNames = "false"
		Debug.AspNetCompiler.Debug = "True"
		Release.AspNetCompiler.VirtualPath = "/jassi"
		Release.AspNetCompiler.PhysicalPath = "F:\clg data\mca\@@@ final project\jassi\"
		Release.AspNetCompiler.TargetPath = "PrecompiledWeb\jassi\"
		Release.AspNetCompiler.Updateable = "true"
		Release.AspNetCompiler.ForceOverwrite = "true"
		Release.AspNetCompiler.FixedNames = "false"
		Release.AspNetCompiler.Debug = "False"
		VWDPort = "52093"
		DefaultWebSiteLanguage = "Visual C#"
	EndProjectSection
EndProject
Global
	GlobalSection(SolutionConfigurationPlatforms) = preSolution
		Debug|Any CPU = Debug|Any CPU
	EndGlobalSection
	GlobalSection(ProjectConfigurationPlatforms) = postSolution
		{B8281CE0-45F8-4434-85DA-F2A8593FBD47}.Debug|Any CPU.ActiveCfg = Debug|Any CPU
		{B8281CE0-45F8-4434-85DA-F2A8593FBD47}.Debug|Any CPU.Build.0 = Debug|Any CPU
	EndGlobalSection
	GlobalSection(SolutionProperties) = preSolution
		HideSolutionNode = FALSE
	EndGlobalSection
EndGlobal
